// !$*UTF8*$!
{
	archiveVersion = 1;
	classes = {
	};
	objectVersion = 50;
	objects = {

/* Begin PBXBuildFile section */
		41BA1C9A2107317600795F6C /* CP3Extensions.framework in Frameworks */ = {isa = PBXBuildFile; fileRef = 41BA1C902107317600795F6C /* CP3Extensions.framework */; };
		41BA1C9F2107317600795F6C /* CP3ExtensionsTests.swift in Sources */ = {isa = PBXBuildFile; fileRef = 41BA1C9E2107317600795F6C /* CP3ExtensionsTests.swift */; };
		41BA1CA12107317600795F6C /* CP3Extensions.h in Headers */ = {isa = PBXBuildFile; fileRef = 41BA1C932107317600795F6C /* CP3Extensions.h */; settings = {ATTRIBUTES = (Public, ); }; };
		41BA1CAB210731D100795F6C /* Array+selectionObservable.swift in Sources */ = {isa = PBXBuildFile; fileRef = 41BA1CAA210731D100795F6C /* Array+selectionObservable.swift */; };
		41BA1CC621078DB100795F6C /* CALayer+addShadow.swift in Sources */ = {isa = PBXBuildFile; fileRef = 41BA1CC521078DB100795F6C /* CALayer+addShadow.swift */; };
		41BA1CC821078DD600795F6C /* CGPoint+deltaLocation.swift in Sources */ = {isa = PBXBuildFile; fileRef = 41BA1CC721078DD500795F6C /* CGPoint+deltaLocation.swift */; };
		41BA1CCA21078E3600795F6C /* UIColor+hex.swift in Sources */ = {isa = PBXBuildFile; fileRef = 41BA1CC921078E3600795F6C /* UIColor+hex.swift */; };
		41BA1CCC21078E7400795F6C /* UIView+subviews.swift in Sources */ = {isa = PBXBuildFile; fileRef = 41BA1CCB21078E7400795F6C /* UIView+subviews.swift */; };
		41BA1CD22108C9D500795F6C /* String+substring.swift in Sources */ = {isa = PBXBuildFile; fileRef = 41BA1CD12108C9D500795F6C /* String+substring.swift */; };
/* End PBXBuildFile section */

/* Begin PBXContainerItemProxy section */
		41BA1C9B2107317600795F6C /* PBXContainerItemProxy */ = {
			isa = PBXContainerItemProxy;
			containerPortal = 41BA1C872107317600795F6C /* Project object */;
			proxyType = 1;
			remoteGlobalIDString = 41BA1C8F2107317600795F6C;
			remoteInfo = CP3Extensions;
		};
/* End PBXContainerItemProxy section */

/* Begin PBXFileReference section */
		41BA1C902107317600795F6C /* CP3Extensions.framework */ = {isa = PBXFileReference; explicitFileType = wrapper.framework; includeInIndex = 0; path = CP3Extensions.framework; sourceTree = BUILT_PRODUCTS_DIR; };
		41BA1C932107317600795F6C /* CP3Extensions.h */ = {isa = PBXFileReference; lastKnownFileType = sourcecode.c.h; path = CP3Extensions.h; sourceTree = "<group>"; };
		41BA1C942107317600795F6C /* Info.plist */ = {isa = PBXFileReference; lastKnownFileType = text.plist.xml; path = Info.plist; sourceTree = "<group>"; };
		41BA1C992107317600795F6C /* CP3ExtensionsTests.xctest */ = {isa = PBXFileReference; explicitFileType = wrapper.cfbundle; includeInIndex = 0; path = CP3ExtensionsTests.xctest; sourceTree = BUILT_PRODUCTS_DIR; };
		41BA1C9E2107317600795F6C /* CP3ExtensionsTests.swift */ = {isa = PBXFileReference; lastKnownFileType = sourcecode.swift; path = CP3ExtensionsTests.swift; sourceTree = "<group>"; };
		41BA1CA02107317600795F6C /* Info.plist */ = {isa = PBXFileReference; lastKnownFileType = text.plist.xml; path = Info.plist; sourceTree = "<group>"; };
		41BA1CAA210731D100795F6C /* Array+selectionObservable.swift */ = {isa = PBXFileReference; lastKnownFileType = sourcecode.swift; path = "Array+selectionObservable.swift"; sourceTree = "<group>"; };
		41BA1CC521078DB100795F6C /* CALayer+addShadow.swift */ = {isa = PBXFileReference; lastKnownFileType = sourcecode.swift; path = "CALayer+addShadow.swift"; sourceTree = "<group>"; };
		41BA1CC721078DD500795F6C /* CGPoint+deltaLocation.swift */ = {isa = PBXFileReference; lastKnownFileType = sourcecode.swift; path = "CGPoint+deltaLocation.swift"; sourceTree = "<group>"; };
		41BA1CC921078E3600795F6C /* UIColor+hex.swift */ = {isa = PBXFileReference; lastKnownFileType = sourcecode.swift; path = "UIColor+hex.swift"; sourceTree = "<group>"; };
		41BA1CCB21078E7400795F6C /* UIView+subviews.swift */ = {isa = PBXFileReference; lastKnownFileType = sourcecode.swift; path = "UIView+subviews.swift"; sourceTree = "<group>"; };
		41BA1CD12108C9D500795F6C /* String+substring.swift */ = {isa = PBXFileReference; lastKnownFileType = sourcecode.swift; path = "String+substring.swift"; sourceTree = "<group>"; };
/* End PBXFileReference section */

/* Begin PBXFrameworksBuildPhase section */
		41BA1C8C2107317600795F6C /* Frameworks */ = {
			isa = PBXFrameworksBuildPhase;
			buildActionMask = 2147483647;
			files = (
			);
			runOnlyForDeploymentPostprocessing = 0;
		};
		41BA1C962107317600795F6C /* Frameworks */ = {
			isa = PBXFrameworksBuildPhase;
			buildActionMask = 2147483647;
			files = (
				41BA1C9A2107317600795F6C /* CP3Extensions.framework in Frameworks */,
			);
			runOnlyForDeploymentPostprocessing = 0;
		};
/* End PBXFrameworksBuildPhase section */

/* Begin PBXGroup section */
		41BA1C862107317600795F6C = {
			isa = PBXGroup;
			children = (
				41BA1C922107317600795F6C /* CP3Extensions */,
				41BA1C9D2107317600795F6C /* CP3ExtensionsTests */,
				41BA1C912107317600795F6C /* Products */,
			);
			sourceTree = "<group>";
		};
		41BA1C912107317600795F6C /* Products */ = {
			isa = PBXGroup;
			children = (
				41BA1C902107317600795F6C /* CP3Extensions.framework */,
				41BA1C992107317600795F6C /* CP3ExtensionsTests.xctest */,
			);
			name = Products;
			sourceTree = "<group>";
		};
		41BA1C922107317600795F6C /* CP3Extensions */ = {
			isa = PBXGroup;
			children = (
				41BA1C932107317600795F6C /* CP3Extensions.h */,
				41BA1CAA210731D100795F6C /* Array+selectionObservable.swift */,
				41BA1CC521078DB100795F6C /* CALayer+addShadow.swift */,
				41BA1CC721078DD500795F6C /* CGPoint+deltaLocation.swift */,
				41BA1CD12108C9D500795F6C /* String+substring.swift */,
				41BA1CC921078E3600795F6C /* UIColor+hex.swift */,
				41BA1CCB21078E7400795F6C /* UIView+subviews.swift */,
				41BA1C942107317600795F6C /* Info.plist */,
			);
			path = CP3Extensions;
			sourceTree = "<group>";
		};
		41BA1C9D2107317600795F6C /* CP3ExtensionsTests */ = {
			isa = PBXGroup;
			children = (
				41BA1C9E2107317600795F6C /* CP3ExtensionsTests.swift */,
				41BA1CA02107317600795F6C /* Info.plist */,
			);
			path = CP3ExtensionsTests;
			sourceTree = "<group>";
		};
/* End PBXGroup section */

/* Begin PBXHeadersBuildPhase section */
		41BA1C8D2107317600795F6C /* Headers */ = {
			isa = PBXHeadersBuildPhase;
			buildActionMask = 2147483647;
			files = (
				41BA1CA12107317600795F6C /* CP3Extensions.h in Headers */,
			);
			runOnlyForDeploymentPostprocessing = 0;
		};
/* End PBXHeadersBuildPhase section */

/* Begin PBXNativeTarget section */
		41BA1C8F2107317600795F6C /* CP3Extensions */ = {
			isa = PBXNativeTarget;
			buildConfigurationList = 41BA1CA42107317600795F6C /* Build configuration list for PBXNativeTarget "CP3Extensions" */;
			buildPhases = (
				41BA1C8B2107317600795F6C /* Sources */,
				41BA1C8C2107317600795F6C /* Frameworks */,
				41BA1C8D2107317600795F6C /* Headers */,
				41BA1C8E2107317600795F6C /* Resources */,
			);
			buildRules = (
			);
			dependencies = (
			);
			name = CP3Extensions;
			productName = CP3Extensions;
			productReference = 41BA1C902107317600795F6C /* CP3Extensions.framework */;
			productType = "com.apple.product-type.framework";
		};
		41BA1C982107317600795F6C /* CP3ExtensionsTests */ = {
			isa = PBXNativeTarget;
			buildConfigurationList = 41BA1CA72107317600795F6C /* Build configuration list for PBXNativeTarget "CP3ExtensionsTests" */;
			buildPhases = (
				41BA1C952107317600795F6C /* Sources */,
				41BA1C962107317600795F6C /* Frameworks */,
				41BA1C972107317600795F6C /* Resources */,
			);
			buildRules = (
			);
			dependencies = (
				41BA1C9C2107317600795F6C /* PBXTargetDependency */,
			);
			name = CP3ExtensionsTests;
			productName = CP3ExtensionsTests;
			productReference = 41BA1C992107317600795F6C /* CP3ExtensionsTests.xctest */;
			productType = "com.apple.product-type.bundle.unit-test";
		};
/* End PBXNativeTarget section */

/* Begin PBXProject section */
		41BA1C872107317600795F6C /* Project object */ = {
			isa = PBXProject;
			attributes = {
				LastSwiftUpdateCheck = 0940;
				LastUpgradeCheck = 0940;
				ORGANIZATIONNAME = CP3;
				TargetAttributes = {
					41BA1C8F2107317600795F6C = {
						CreatedOnToolsVersion = 9.4.1;
						LastSwiftMigration = 0940;
					};
					41BA1C982107317600795F6C = {
						CreatedOnToolsVersion = 9.4.1;
					};
				};
			};
			buildConfigurationList = 41BA1C8A2107317600795F6C /* Build configuration list for PBXProject "CP3Extensions" */;
			compatibilityVersion = "Xcode 9.3";
			developmentRegion = en;
			hasScannedForEncodings = 0;
			knownRegions = (
				en,
			);
			mainGroup = 41BA1C862107317600795F6C;
			productRefGroup = 41BA1C912107317600795F6C /* Products */;
			projectDirPath = "";
			projectRoot = "";
			targets = (
				41BA1C8F2107317600795F6C /* CP3Extensions */,
				41BA1C982107317600795F6C /* CP3ExtensionsTests */,
			);
		};
/* End PBXProject section */

/* Begin PBXResourcesBuildPhase section */
		41BA1C8E2107317600795F6C /* Resources */ = {
			isa = PBXResourcesBuildPhase;
			buildActionMask = 2147483647;
			files = (
			);
			runOnlyForDeploymentPostprocessing = 0;
		};
		41BA1C972107317600795F6C /* Resources */ = {
			isa = PBXResourcesBuildPhase;
			buildActionMask = 2147483647;
			files = (
			);
			runOnlyForDeploymentPostprocessing = 0;
		};
/* End PBXResourcesBuildPhase section */

/* Begin PBXSourcesBuildPhase section */
		41BA1C8B2107317600795F6C /* Sources */ = {
			isa = PBXSourcesBuildPhase;
			buildActionMask = 2147483647;
			files = (
				41BA1CAB210731D100795F6C /* Array+selectionObservable.swift in Sources */,
				41BA1CCA21078E3600795F6C /* UIColor+hex.swift in Sources */,
				41BA1CD22108C9D500795F6C /* String+substring.swift in Sources */,
				41BA1CC821078DD600795F6C /* CGPoint+deltaLocation.swift in Sources */,
				41BA1CCC21078E7400795F6C /* UIView+subviews.swift in Sources */,
				41BA1CC621078DB100795F6C /* CALayer+addShadow.swift in Sources */,
			);
			runOnlyForDeploymentPostprocessing = 0;
		};
		41BA1C952107317600795F6C /* Sources */ = {
			isa = PBXSourcesBuildPhase;
			buildActionMask = 2147483647;
			files = (
				41BA1C9F2107317600795F6C /* CP3ExtensionsTests.swift in Sources */,
			);
			runOnlyForDeploymentPostprocessing = 0;
		};
/* End PBXSourcesBuildPhase section */

/* Begin PBXTargetDependency section */
		41BA1C9C2107317600795F6C /* PBXTargetDependency */ = {
			isa = PBXTargetDependency;
			target = 41BA1C8F2107317600795F6C /* CP3Extensions */;
			targetProxy = 41BA1C9B2107317600795F6C /* PBXContainerItemProxy */;
		};
/* End PBXTargetDependency section */

/* Begin XCBuildConfiguration section */
		41BA1CA22107317600795F6C /* Debug */ = {
			isa = XCBuildConfiguration;
			buildSettings = {
				ALWAYS_SEARCH_USER_PATHS = NO;
				CLANG_ANALYZER_NONNULL = YES;
				CLANG_ANALYZER_NUMBER_OBJECT_CONVERSION = YES_AGGRESSIVE;
				CLANG_CXX_LANGUAGE_STANDARD = "gnu++14";
				CLANG_CXX_LIBRARY = "libc++";
				CLANG_ENABLE_MODULES = YES;
				CLANG_ENABLE_OBJC_ARC = YES;
				CLANG_ENABLE_OBJC_WEAK = YES;
				CLANG_WARN_BLOCK_CAPTURE_AUTORELEASING = YES;
				CLANG_WARN_BOOL_CONVERSION = YES;
				CLANG_WARN_COMMA = YES;
				CLANG_WARN_CONSTANT_CONVERSION = YES;
				CLANG_WARN_DEPRECATED_OBJC_IMPLEMENTATIONS = YES;
				CLANG_WARN_DIRECT_OBJC_ISA_USAGE = YES_ERROR;
				CLANG_WARN_DOCUMENTATION_COMMENTS = YES;
				CLANG_WARN_EMPTY_BODY = YES;
				CLANG_WARN_ENUM_CONVERSION = YES;
				CLANG_WARN_INFINITE_RECURSION = YES;
				CLANG_WARN_INT_CONVERSION = YES;
				CLANG_WARN_NON_LITERAL_NULL_CONVERSION = YES;
				CLANG_WARN_OBJC_IMPLICIT_RETAIN_SELF = YES;
				CLANG_WARN_OBJC_LITERAL_CONVERSION = YES;
				CLANG_WARN_OBJC_ROOT_CLASS = YES_ERROR;
				CLANG_WARN_RANGE_LOOP_ANALYSIS = YES;
				CLANG_WARN_STRICT_PROTOTYPES = YES;
				CLANG_WARN_SUSPICIOUS_MOVE = YES;
				CLANG_WARN_UNGUARDED_AVAILABILITY = YES_AGGRESSIVE;
				CLANG_WARN_UNREACHABLE_CODE = YES;
				CLANG_WARN__DUPLICATE_METHOD_MATCH = YES;
				CODE_SIGN_IDENTITY = "iPhone Developer";
				COPY_PHASE_STRIP = NO;
				CURRENT_PROJECT_VERSION = 1;
				DEBUG_INFORMATION_FORMAT = dwarf;
				ENABLE_STRICT_OBJC_MSGSEND = YES;
				ENABLE_TESTABILITY = YES;
				GCC_C_LANGUAGE_STANDARD = gnu11;
				GCC_DYNAMIC_NO_PIC = NO;
				GCC_NO_COMMON_BLOCKS = YES;
				GCC_OPTIMIZATION_LEVEL = 0;
				GCC_PREPROCESSOR_DEFINITIONS = (
					"DEBUG=1",
					"$(inherited)",
				);
				GCC_WARN_64_TO_32_BIT_CONVERSION = YES;
				GCC_WARN_ABOUT_RETURN_TYPE = YES_ERROR;
				GCC_WARN_UNDECLARED_SELECTOR = YES;
				GCC_WARN_UNINITIALIZED_AUTOS = YES_AGGRESSIVE;
				GCC_WARN_UNUSED_FUNCTION = YES;
				GCC_WARN_UNUSED_VARIABLE = YES;
				IPHONEOS_DEPLOYMENT_TARGET = 11.4;
				MTL_ENABLE_DEBUG_INFO = YES;
				ONLY_ACTIVE_ARCH = YES;
				SDKROOT = iphoneos;
				SWIFT_ACTIVE_COMPILATION_CONDITIONS = DEBUG;
				SWIFT_OPTIMIZATION_LEVEL = "-Onone";
				VERSIONING_SYSTEM = "apple-generic";
				VERSION_INFO_PREFIX = "";
			};
			name = Debug;
		};
		41BA1CA32107317600795F6C /* Release */ = {
			isa = XCBuildConfiguration;
			buildSettings = {
				ALWAYS_SEARCH_USER_PATHS = NO;
				CLANG_ANALYZER_NONNULL = YES;
				CLANG_ANALYZER_NUMBER_OBJECT_CONVERSION = YES_AGGRESSIVE;
				CLANG_CXX_LANGUAGE_STANDARD = "gnu++14";
				CLANG_CXX_LIBRARY = "libc++";
				CLANG_ENABLE_MODULES = YES;
				CLANG_ENABLE_OBJC_ARC = YES;
				CLANG_ENABLE_OBJC_WEAK = YES;
				CLANG_WARN_BLOCK_CAPTURE_AUTORELEASING = YES;
				CLANG_WARN_BOOL_CONVERSION = YES;
				CLANG_WARN_COMMA = YES;
				CLANG_WARN_CONSTANT_CONVERSION = YES;
				CLANG_WARN_DEPRECATED_OBJC_IMPLEMENTATIONS = YES;
				CLANG_WARN_DIRECT_OBJC_ISA_USAGE = YES_ERROR;
				CLANG_WARN_DOCUMENTATION_COMMENTS = YES;
				CLANG_WARN_EMPTY_BODY = YES;
				CLANG_WARN_ENUM_CONVERSION = YES;
				CLANG_WARN_INFINITE_RECURSION = YES;
				CLANG_WARN_INT_CONVERSION = YES;
				CLANG_WARN_NON_LITERAL_NULL_CONVERSION = YES;
				CLANG_WARN_OBJC_IMPLICIT_RETAIN_SELF = YES;
				CLANG_WARN_OBJC_LITERAL_CONVERSION = YES;
				CLANG_WARN_OBJC_ROOT_CLASS = YES_ERROR;
				CLANG_WARN_RANGE_LOOP_ANALYSIS = YES;
				CLANG_WARN_STRICT_PROTOTYPES = YES;
				CLANG_WARN_SUSPICIOUS_MOVE = YES;
				CLANG_WARN_UNGUARDED_AVAILABILITY = YES_AGGRESSIVE;
				CLANG_WARN_UNREACHABLE_CODE = YES;
				CLANG_WARN__DUPLICATE_METHOD_MATCH = YES;
				CODE_SIGN_IDENTITY = "iPhone Developer";
				COPY_PHASE_STRIP = NO;
				CURRENT_PROJECT_VERSION = 1;
				DEBUG_INFORMATION_FORMAT = "dwarf-with-dsym";
				ENABLE_NS_ASSERTIONS = NO;
				ENABLE_STRICT_OBJC_MSGSEND = YES;
				GCC_C_LANGUAGE_STANDARD = gnu11;
				GCC_NO_COMMON_BLOCKS = YES;
				GCC_WARN_64_TO_32_BIT_CONVERSION = YES;
				GCC_WARN_ABOUT_RETURN_TYPE = YES_ERROR;
				GCC_WARN_UNDECLARED_SELECTOR = YES;
				GCC_WARN_UNINITIALIZED_AUTOS = YES_AGGRESSIVE;
				GCC_WARN_UNUSED_FUNCTION = YES;
				GCC_WARN_UNUSED_VARIABLE = YES;
				IPHONEOS_DEPLOYMENT_TARGET = 11.4;
				MTL_ENABLE_DEBUG_INFO = NO;
				SDKROOT = iphoneos;
				SWIFT_COMPILATION_MODE = wholemodule;
				SWIFT_OPTIMIZATION_LEVEL = "-O";
				VALIDATE_PRODUCT = YES;
				VERSIONING_SYSTEM = "apple-generic";
				VERSION_INFO_PREFIX = "";
			};
			name = Release;
		};
		41BA1CA52107317600795F6C /* Debug */ = {
			isa = XCBuildConfiguration;
			buildSettings = {
				CLANG_ENABLE_MODULES = YES;
				CODE_SIGN_IDENTITY = "";
				CODE_SIGN_STYLE = Manual;
				DEFINES_MODULE = YES;
				DEVELOPMENT_TEAM = "";
				DYLIB_COMPATIBILITY_VERSION = 1;
				DYLIB_CURRENT_VERSION = 1;
				DYLIB_INSTALL_NAME_BASE = "@rpath";
				INFOPLIST_FILE = CP3Extensions/Info.plist;
				INSTALL_PATH = "$(LOCAL_LIBRARY_DIR)/Frameworks";
				LD_RUNPATH_SEARCH_PATHS = (
					"$(inherited)",
					"@executable_path/Frameworks",
					"@loader_path/Frameworks",
				);
				PRODUCT_BUNDLE_IDENTIFIER = CP3.CP3Extensions;
				PRODUCT_NAME = "$(TARGET_NAME:c99extidentifier)";
				PROVISIONING_PROFILE_SPECIFIER = "";
				SKIP_INSTALL = YES;
				SWIFT_OPTIMIZATION_LEVEL = "-Onone";
				SWIFT_VERSION = 4.0;
				TARGETED_DEVICE_FAMILY = "1,2";
			};
			name = Debug;
		};
		41BA1CA62107317600795F6C /* Release */ = {
			isa = XCBuildConfiguration;
			buildSettings = {
				CLANG_ENABLE_MODULES = YES;
				CODE_SIGN_IDENTITY = "";
				CODE_SIGN_STYLE = Manual;
				DEFINES_MODULE = YES;
				DEVELOPMENT_TEAM = "";
				DYLIB_COMPATIBILITY_VERSION = 1;
				DYLIB_CURRENT_VERSION = 1;
				DYLIB_INSTALL_NAME_BASE = "@rpath";
				INFOPLIST_FILE = CP3Extensions/Info.plist;
				INSTALL_PATH = "$(LOCAL_LIBRARY_DIR)/Frameworks";
				LD_RUNPATH_SEARCH_PATHS = (
					"$(inherited)",
					"@executable_path/Frameworks",
					"@loader_path/Frameworks",
				);
				PRODUCT_BUNDLE_IDENTIFIER = CP3.CP3Extensions;
				PRODUCT_NAME = "$(TARGET_NAME:c99extidentifier)";
				PROVISIONING_PROFILE_SPECIFIER = "";
				SKIP_INSTALL = YES;
				SWIFT_VERSION = 4.0;
				TARGETED_DEVICE_FAMILY = "1,2";
			};
			name = Release;
		};
		41BA1CA82107317600795F6C /* Debug */ = {
			isa = XCBuildConfiguration;
			buildSettings = {
				ALWAYS_EMBED_SWIFT_STANDARD_LIBRARIES = YES;
				CODE_SIGN_STYLE = Automatic;
				DEVELOPMENT_TEAM = 5GWBH83EBX;
				INFOPLIST_FILE = CP3ExtensionsTests/Info.plist;
				LD_RUNPATH_SEARCH_PATHS = (
					"$(inherited)",
					"@executable_path/Frameworks",
					"@loader_path/Frameworks",
				);
				PRODUCT_BUNDLE_IDENTIFIER = CP3.CP3ExtensionsTests;
				PRODUCT_NAME = "$(TARGET_NAME)";
				SWIFT_VERSION = 4.0;
				TARGETED_DEVICE_FAMILY = "1,2";
			};
			name = Debug;
		};
		41BA1CA92107317600795F6C /* Release */ = {
			isa = XCBuildConfiguration;
			buildSettings = {
				ALWAYS_EMBED_SWIFT_STANDARD_LIBRARIES = YES;
				CODE_SIGN_STYLE = Automatic;
				DEVELOPMENT_TEAM = 5GWBH83EBX;
				INFOPLIST_FILE = CP3ExtensionsTests/Info.plist;
				LD_RUNPATH_SEARCH_PATHS = (
					"$(inherited)",
					"@executable_path/Frameworks",
					"@loader_path/Frameworks",
				);
				PRODUCT_BUNDLE_IDENTIFIER = CP3.CP3ExtensionsTests;
				PRODUCT_NAME = "$(TARGET_NAME)";
				SWIFT_VERSION = 4.0;
				TARGETED_DEVICE_FAMILY = "1,2";
			};
			name = Release;
		};
/* End XCBuildConfiguration section */

/* Begin XCConfigurationList section */
		41BA1C8A2107317600795F6C /* Build configuration list for PBXProject "CP3Extensions" */ = {
			isa = XCConfigurationList;
			buildConfigurations = (
				41BA1CA22107317600795F6C /* Debug */,
				41BA1CA32107317600795F6C /* Release */,
			);
			defaultConfigurationIsVisible = 0;
			defaultConfigurationName = Release;
		};
		41BA1CA42107317600795F6C /* Build configuration list for PBXNativeTarget "CP3Extensions" */ = {
			isa = XCConfigurationList;
			buildConfigurations = (
				41BA1CA52107317600795F6C /* Debug */,
				41BA1CA62107317600795F6C /* Release */,
			);
			defaultConfigurationIsVisible = 0;
			defaultConfigurationName = Release;
		};
		41BA1CA72107317600795F6C /* Build configuration list for PBXNativeTarget "CP3ExtensionsTests" */ = {
			isa = XCConfigurationList;
			buildConfigurations = (
				41BA1CA82107317600795F6C /* Debug */,
				41BA1CA92107317600795F6C /* Release */,
			);
			defaultConfigurationIsVisible = 0;
			defaultConfigurationName = Release;
		};
/* End XCConfigurationList section */
	};
	rootObject = 41BA1C872107317600795F6C /* Project object */;
}
